// !$*UTF8*$!
{
	archiveVersion = 1;
	classes = {
	};
	objectVersion = 50;
	objects = {

/* Begin PBXBuildFile section */
		A9388FD52328410D003EF6F9 /* Extensions.swift in Sources */ = {isa = PBXBuildFile; fileRef = A9388FD42328410D003EF6F9 /* Extensions.swift */; };
		A9388FD72328F469003EF6F9 /* detailViewController.swift in Sources */ = {isa = PBXBuildFile; fileRef = A9388FD62328F469003EF6F9 /* detailViewController.swift */; };
		A9CE38C3232829D30050F061 /* AppDelegate.swift in Sources */ = {isa = PBXBuildFile; fileRef = A9CE38C2232829D30050F061 /* AppDelegate.swift */; };
		A9CE38C5232829D30050F061 /* ViewController.swift in Sources */ = {isa = PBXBuildFile; fileRef = A9CE38C4232829D30050F061 /* ViewController.swift */; };
		A9CE38C8232829D30050F061 /* Main.storyboard in Resources */ = {isa = PBXBuildFile; fileRef = A9CE38C6232829D30050F061 /* Main.storyboard */; };
		A9CE38CA232829D60050F061 /* Assets.xcassets in Resources */ = {isa = PBXBuildFile; fileRef = A9CE38C9232829D60050F061 /* Assets.xcassets */; };
		A9CE38CD232829D60050F061 /* LaunchScreen.storyboard in Resources */ = {isa = PBXBuildFile; fileRef = A9CE38CB232829D60050F061 /* LaunchScreen.storyboard */; };
		A9CE38D8232829D60050F061 /* Movie_NerdTests.swift in Sources */ = {isa = PBXBuildFile; fileRef = A9CE38D7232829D60050F061 /* Movie_NerdTests.swift */; };
		A9CE38E3232829D60050F061 /* Movie_NerdUITests.swift in Sources */ = {isa = PBXBuildFile; fileRef = A9CE38E2232829D60050F061 /* Movie_NerdUITests.swift */; };
		A9CE38F123282CEA0050F061 /* JSON.swift in Sources */ = {isa = PBXBuildFile; fileRef = A9CE38F023282CEA0050F061 /* JSON.swift */; };
/* End PBXBuildFile section */

/* Begin PBXContainerItemProxy section */
		A9CE38D4232829D60050F061 /* PBXContainerItemProxy */ = {
			isa = PBXContainerItemProxy;
			containerPortal = A9CE38B7232829D30050F061 /* Project object */;
			proxyType = 1;
			remoteGlobalIDString = A9CE38BE232829D30050F061;
			remoteInfo = "Movie Nerd";
		};
		A9CE38DF232829D60050F061 /* PBXContainerItemProxy */ = {
			isa = PBXContainerItemProxy;
			containerPortal = A9CE38B7232829D30050F061 /* Project object */;
			proxyType = 1;
			remoteGlobalIDString = A9CE38BE232829D30050F061;
			remoteInfo = "Movie Nerd";
		};
/* End PBXContainerItemProxy section */

/* Begin PBXFileReference section */
		A9388FD42328410D003EF6F9 /* Extensions.swift */ = {isa = PBXFileReference; lastKnownFileType = sourcecode.swift; path = Extensions.swift; sourceTree = "<group>"; };
		A9388FD62328F469003EF6F9 /* detailViewController.swift */ = {isa = PBXFileReference; lastKnownFileType = sourcecode.swift; path = detailViewController.swift; sourceTree = "<group>"; };
		A9CE38BF232829D30050F061 /* Movie Nerd.app */ = {isa = PBXFileReference; explicitFileType = wrapper.application; includeInIndex = 0; path = "Movie Nerd.app"; sourceTree = BUILT_PRODUCTS_DIR; };
		A9CE38C2232829D30050F061 /* AppDelegate.swift */ = {isa = PBXFileReference; lastKnownFileType = sourcecode.swift; path = AppDelegate.swift; sourceTree = "<group>"; };
		A9CE38C4232829D30050F061 /* ViewController.swift */ = {isa = PBXFileReference; lastKnownFileType = sourcecode.swift; path = ViewController.swift; sourceTree = "<group>"; };
		A9CE38C7232829D30050F061 /* Base */ = {isa = PBXFileReference; lastKnownFileType = file.storyboard; name = Base; path = Base.lproj/Main.storyboard; sourceTree = "<group>"; };
		A9CE38C9232829D60050F061 /* Assets.xcassets */ = {isa = PBXFileReference; lastKnownFileType = folder.assetcatalog; path = Assets.xcassets; sourceTree = "<group>"; };
		A9CE38CC232829D60050F061 /* Base */ = {isa = PBXFileReference; lastKnownFileType = file.storyboard; name = Base; path = Base.lproj/LaunchScreen.storyboard; sourceTree = "<group>"; };
		A9CE38CE232829D60050F061 /* Info.plist */ = {isa = PBXFileReference; lastKnownFileType = text.plist.xml; path = Info.plist; sourceTree = "<group>"; };
		A9CE38D3232829D60050F061 /* Movie NerdTests.xctest */ = {isa = PBXFileReference; explicitFileType = wrapper.cfbundle; includeInIndex = 0; path = "Movie NerdTests.xctest"; sourceTree = BUILT_PRODUCTS_DIR; };
		A9CE38D7232829D60050F061 /* Movie_NerdTests.swift */ = {isa = PBXFileReference; lastKnownFileType = sourcecode.swift; path = Movie_NerdTests.swift; sourceTree = "<group>"; };
		A9CE38D9232829D60050F061 /* Info.plist */ = {isa = PBXFileReference; lastKnownFileType = text.plist.xml; path = Info.plist; sourceTree = "<group>"; };
		A9CE38DE232829D60050F061 /* Movie NerdUITests.xctest */ = {isa = PBXFileReference; explicitFileType = wrapper.cfbundle; includeInIndex = 0; path = "Movie NerdUITests.xctest"; sourceTree = BUILT_PRODUCTS_DIR; };
		A9CE38E2232829D60050F061 /* Movie_NerdUITests.swift */ = {isa = PBXFileReference; lastKnownFileType = sourcecode.swift; path = Movie_NerdUITests.swift; sourceTree = "<group>"; };
		A9CE38E4232829D60050F061 /* Info.plist */ = {isa = PBXFileReference; lastKnownFileType = text.plist.xml; path = Info.plist; sourceTree = "<group>"; };
		A9CE38F023282CEA0050F061 /* JSON.swift */ = {isa = PBXFileReference; lastKnownFileType = sourcecode.swift; path = JSON.swift; sourceTree = "<group>"; };
/* End PBXFileReference section */

/* Begin PBXFrameworksBuildPhase section */
		A9CE38BC232829D30050F061 /* Frameworks */ = {
			isa = PBXFrameworksBuildPhase;
			buildActionMask = 2147483647;
			files = (
			);
			runOnlyForDeploymentPostprocessing = 0;
		};
		A9CE38D0232829D60050F061 /* Frameworks */ = {
			isa = PBXFrameworksBuildPhase;
			buildActionMask = 2147483647;
			files = (
			);
			runOnlyForDeploymentPostprocessing = 0;
		};
		A9CE38DB232829D60050F061 /* Frameworks */ = {
			isa = PBXFrameworksBuildPhase;
			buildActionMask = 2147483647;
			files = (
			);
			runOnlyForDeploymentPostprocessing = 0;
		};
/* End PBXFrameworksBuildPhase section */

/* Begin PBXGroup section */
		A9CE38B6232829D30050F061 = {
			isa = PBXGroup;
			children = (
				A9CE38C1232829D30050F061 /* Movie Nerd */,
				A9CE38D6232829D60050F061 /* Movie NerdTests */,
				A9CE38E1232829D60050F061 /* Movie NerdUITests */,
				A9CE38C0232829D30050F061 /* Products */,
			);
			sourceTree = "<group>";
		};
		A9CE38C0232829D30050F061 /* Products */ = {
			isa = PBXGroup;
			children = (
				A9CE38BF232829D30050F061 /* Movie Nerd.app */,
				A9CE38D3232829D60050F061 /* Movie NerdTests.xctest */,
				A9CE38DE232829D60050F061 /* Movie NerdUITests.xctest */,
			);
			name = Products;
			sourceTree = "<group>";
		};
		A9CE38C1232829D30050F061 /* Movie Nerd */ = {
			isa = PBXGroup;
			children = (
				A9CE38C2232829D30050F061 /* AppDelegate.swift */,
				A9CE38C4232829D30050F061 /* ViewController.swift */,
				A9388FD62328F469003EF6F9 /* detailViewController.swift */,
				A9CE38F023282CEA0050F061 /* JSON.swift */,
				A9388FD42328410D003EF6F9 /* Extensions.swift */,
				A9CE38C6232829D30050F061 /* Main.storyboard */,
				A9CE38C9232829D60050F061 /* Assets.xcassets */,
				A9CE38CB232829D60050F061 /* LaunchScreen.storyboard */,
				A9CE38CE232829D60050F061 /* Info.plist */,
			);
			path = "Movie Nerd";
			sourceTree = "<group>";
		};
		A9CE38D6232829D60050F061 /* Movie NerdTests */ = {
			isa = PBXGroup;
			children = (
				A9CE38D7232829D60050F061 /* Movie_NerdTests.swift */,
				A9CE38D9232829D60050F061 /* Info.plist */,
			);
			path = "Movie NerdTests";
			sourceTree = "<group>";
		};
		A9CE38E1232829D60050F061 /* Movie NerdUITests */ = {
			isa = PBXGroup;
			children = (
				A9CE38E2232829D60050F061 /* Movie_NerdUITests.swift */,
				A9CE38E4232829D60050F061 /* Info.plist */,
			);
			path = "Movie NerdUITests";
			sourceTree = "<group>";
		};
/* End PBXGroup section */

/* Begin PBXNativeTarget section */
		A9CE38BE232829D30050F061 /* Movie Nerd */ = {
			isa = PBXNativeTarget;
			buildConfigurationList = A9CE38E7232829D60050F061 /* Build configuration list for PBXNativeTarget "Movie Nerd" */;
			buildPhases = (
				A9CE38BB232829D30050F061 /* Sources */,
				A9CE38BC232829D30050F061 /* Frameworks */,
				A9CE38BD232829D30050F061 /* Resources */,
			);
			buildRules = (
			);
			dependencies = (
			);
			name = "Movie Nerd";
			productName = "Movie Nerd";
			productReference = A9CE38BF232829D30050F061 /* Movie Nerd.app */;
			productType = "com.apple.product-type.application";
		};
		A9CE38D2232829D60050F061 /* Movie NerdTests */ = {
			isa = PBXNativeTarget;
			buildConfigurationList = A9CE38EA232829D60050F061 /* Build configuration list for PBXNativeTarget "Movie NerdTests" */;
			buildPhases = (
				A9CE38CF232829D60050F061 /* Sources */,
				A9CE38D0232829D60050F061 /* Frameworks */,
				A9CE38D1232829D60050F061 /* Resources */,
			);
			buildRules = (
			);
			dependencies = (
				A9CE38D5232829D60050F061 /* PBXTargetDependency */,
			);
			name = "Movie NerdTests";
			productName = "Movie NerdTests";
			productReference = A9CE38D3232829D60050F061 /* Movie NerdTests.xctest */;
			productType = "com.apple.product-type.bundle.unit-test";
		};
		A9CE38DD232829D60050F061 /* Movie NerdUITests */ = {
			isa = PBXNativeTarget;
			buildConfigurationList = A9CE38ED232829D60050F061 /* Build configuration list for PBXNativeTarget "Movie NerdUITests" */;
			buildPhases = (
				A9CE38DA232829D60050F061 /* Sources */,
				A9CE38DB232829D60050F061 /* Frameworks */,
				A9CE38DC232829D60050F061 /* Resources */,
			);
			buildRules = (
			);
			dependencies = (
				A9CE38E0232829D60050F061 /* PBXTargetDependency */,
			);
			name = "Movie NerdUITests";
			productName = "Movie NerdUITests";
			productReference = A9CE38DE232829D60050F061 /* Movie NerdUITests.xctest */;
			productType = "com.apple.product-type.bundle.ui-testing";
		};
/* End PBXNativeTarget section */

/* Begin PBXProject section */
		A9CE38B7232829D30050F061 /* Project object */ = {
			isa = PBXProject;
			attributes = {
				LastSwiftUpdateCheck = 1030;
				LastUpgradeCheck = 1030;
				ORGANIZATIONNAME = "Kristhian De Oliveira";
				TargetAttributes = {
					A9CE38BE232829D30050F061 = {
						CreatedOnToolsVersion = 10.3;
					};
					A9CE38D2232829D60050F061 = {
						CreatedOnToolsVersion = 10.3;
						TestTargetID = A9CE38BE232829D30050F061;
					};
					A9CE38DD232829D60050F061 = {
						CreatedOnToolsVersion = 10.3;
						TestTargetID = A9CE38BE232829D30050F061;
					};
				};
			};
			buildConfigurationList = A9CE38BA232829D30050F061 /* Build configuration list for PBXProject "Movie Nerd" */;
			compatibilityVersion = "Xcode 9.3";
			developmentRegion = en;
			hasScannedForEncodings = 0;
			knownRegions = (
				en,
				Base,
			);
			mainGroup = A9CE38B6232829D30050F061;
			productRefGroup = A9CE38C0232829D30050F061 /* Products */;
			projectDirPath = "";
			projectRoot = "";
			targets = (
				A9CE38BE232829D30050F061 /* Movie Nerd */,
				A9CE38D2232829D60050F061 /* Movie NerdTests */,
				A9CE38DD232829D60050F061 /* Movie NerdUITests */,
			);
		};
/* End PBXProject section */

/* Begin PBXResourcesBuildPhase section */
		A9CE38BD232829D30050F061 /* Resources */ = {
			isa = PBXResourcesBuildPhase;
			buildActionMask = 2147483647;
			files = (
				A9CE38CD232829D60050F061 /* LaunchScreen.storyboard in Resources */,
				A9CE38CA232829D60050F061 /* Assets.xcassets in Resources */,
				A9CE38C8232829D30050F061 /* Main.storyboard in Resources */,
			);
			runOnlyForDeploymentPostprocessing = 0;
		};
		A9CE38D1232829D60050F061 /* Resources */ = {
			isa = PBXResourcesBuildPhase;
			buildActionMask = 2147483647;
			files = (
			);
			runOnlyForDeploymentPostprocessing = 0;
		};
		A9CE38DC232829D60050F061 /* Resources */ = {
			isa = PBXResourcesBuildPhase;
			buildActionMask = 2147483647;
			files = (
			);
			runOnlyForDeploymentPostprocessing = 0;
		};
/* End PBXResourcesBuildPhase section */

/* Begin PBXSourcesBuildPhase section */
		A9CE38BB232829D30050F061 /* Sources */ = {
			isa = PBXSourcesBuildPhase;
			buildActionMask = 2147483647;
			files = (
				A9CE38F123282CEA0050F061 /* JSON.swift in Sources */,
				A9CE38C5232829D30050F061 /* ViewController.swift in Sources */,
				A9CE38C3232829D30050F061 /* AppDelegate.swift in Sources */,
				A9388FD72328F469003EF6F9 /* detailViewController.swift in Sources */,
				A9388FD52328410D003EF6F9 /* Extensions.swift in Sources */,
			);
			runOnlyForDeploymentPostprocessing = 0;
		};
		A9CE38CF232829D60050F061 /* Sources */ = {
			isa = PBXSourcesBuildPhase;
			buildActionMask = 2147483647;
			files = (
				A9CE38D8232829D60050F061 /* Movie_NerdTests.swift in Sources */,
			);
			runOnlyForDeploymentPostprocessing = 0;
		};
		A9CE38DA232829D60050F061 /* Sources */ = {
			isa = PBXSourcesBuildPhase;
			buildActionMask = 2147483647;
			files = (
				A9CE38E3232829D60050F061 /* Movie_NerdUITests.swift in Sources */,
			);
			runOnlyForDeploymentPostprocessing = 0;
		};
/* End PBXSourcesBuildPhase section */

/* Begin PBXTargetDependency section */
		A9CE38D5232829D60050F061 /* PBXTargetDependency */ = {
			isa = PBXTargetDependency;
			target = A9CE38BE232829D30050F061 /* Movie Nerd */;
			targetProxy = A9CE38D4232829D60050F061 /* PBXContainerItemProxy */;
		};
		A9CE38E0232829D60050F061 /* PBXTargetDependency */ = {
			isa = PBXTargetDependency;
			target = A9CE38BE232829D30050F061 /* Movie Nerd */;
			targetProxy = A9CE38DF232829D60050F061 /* PBXContainerItemProxy */;
		};
/* End PBXTargetDependency section */

/* Begin PBXVariantGroup section */
		A9CE38C6232829D30050F061 /* Main.storyboard */ = {
			isa = PBXVariantGroup;
			children = (
				A9CE38C7232829D30050F061 /* Base */,
			);
			name = Main.storyboard;
			sourceTree = "<group>";
		};
		A9CE38CB232829D60050F061 /* LaunchScreen.storyboard */ = {
			isa = PBXVariantGroup;
			children = (
				A9CE38CC232829D60050F061 /* Base */,
			);
			name = LaunchScreen.storyboard;
			sourceTree = "<group>";
		};
/* End PBXVariantGroup section */

/* Begin XCBuildConfiguration section */
		A9CE38E5232829D60050F061 /* Debug */ = {
			isa = XCBuildConfiguration;
			buildSettings = {
				ALWAYS_SEARCH_USER_PATHS = NO;
				CLANG_ANALYZER_NONNULL = YES;
				CLANG_ANALYZER_NUMBER_OBJECT_CONVERSION = YES_AGGRESSIVE;
				CLANG_CXX_LANGUAGE_STANDARD = "gnu++14";
				CLANG_CXX_LIBRARY = "libc++";
				CLANG_ENABLE_MODULES = YES;
				CLANG_ENABLE_OBJC_ARC = YES;
				CLANG_ENABLE_OBJC_WEAK = YES;
				CLANG_WARN_BLOCK_CAPTURE_AUTORELEASING = YES;
				CLANG_WARN_BOOL_CONVERSION = YES;
				CLANG_WARN_COMMA = YES;
				CLANG_WARN_CONSTANT_CONVERSION = YES;
				CLANG_WARN_DEPRECATED_OBJC_IMPLEMENTATIONS = YES;
				CLANG_WARN_DIRECT_OBJC_ISA_USAGE = YES_ERROR;
				CLANG_WARN_DOCUMENTATION_COMMENTS = YES;
				CLANG_WARN_EMPTY_BODY = YES;
				CLANG_WARN_ENUM_CONVERSION = YES;
				CLANG_WARN_INFINITE_RECURSION = YES;
				CLANG_WARN_INT_CONVERSION = YES;
				CLANG_WARN_NON_LITERAL_NULL_CONVERSION = YES;
				CLANG_WARN_OBJC_IMPLICIT_RETAIN_SELF = YES;
				CLANG_WARN_OBJC_LITERAL_CONVERSION = YES;
				CLANG_WARN_OBJC_ROOT_CLASS = YES_ERROR;
				CLANG_WARN_RANGE_LOOP_ANALYSIS = YES;
				CLANG_WARN_STRICT_PROTOTYPES = YES;
				CLANG_WARN_SUSPICIOUS_MOVE = YES;
				CLANG_WARN_UNGUARDED_AVAILABILITY = YES_AGGRESSIVE;
				CLANG_WARN_UNREACHABLE_CODE = YES;
				CLANG_WARN__DUPLICATE_METHOD_MATCH = YES;
				CODE_SIGN_IDENTITY = "iPhone Developer";
				COPY_PHASE_STRIP = NO;
				DEBUG_INFORMATION_FORMAT = dwarf;
				ENABLE_STRICT_OBJC_MSGSEND = YES;
				ENABLE_TESTABILITY = YES;
				GCC_C_LANGUAGE_STANDARD = gnu11;
				GCC_DYNAMIC_NO_PIC = NO;
				GCC_NO_COMMON_BLOCKS = YES;
				GCC_OPTIMIZATION_LEVEL = 0;
				GCC_PREPROCESSOR_DEFINITIONS = (
					"DEBUG=1",
					"$(inherited)",
				);
				GCC_WARN_64_TO_32_BIT_CONVERSION = YES;
				GCC_WARN_ABOUT_RETURN_TYPE = YES_ERROR;
				GCC_WARN_UNDECLARED_SELECTOR = YES;
				GCC_WARN_UNINITIALIZED_AUTOS = YES_AGGRESSIVE;
				GCC_WARN_UNUSED_FUNCTION = YES;
				GCC_WARN_UNUSED_VARIABLE = YES;
				IPHONEOS_DEPLOYMENT_TARGET = 12.4;
				MTL_ENABLE_DEBUG_INFO = INCLUDE_SOURCE;
				MTL_FAST_MATH = YES;
				ONLY_ACTIVE_ARCH = YES;
				SDKROOT = iphoneos;
				SWIFT_ACTIVE_COMPILATION_CONDITIONS = DEBUG;
				SWIFT_OPTIMIZATION_LEVEL = "-Onone";
			};
			name = Debug;
		};
		A9CE38E6232829D60050F061 /* Release */ = {
			isa = XCBuildConfiguration;
			buildSettings = {
				ALWAYS_SEARCH_USER_PATHS = NO;
				CLANG_ANALYZER_NONNULL = YES;
				CLANG_ANALYZER_NUMBER_OBJECT_CONVERSION = YES_AGGRESSIVE;
				CLANG_CXX_LANGUAGE_STANDARD = "gnu++14";
				CLANG_CXX_LIBRARY = "libc++";
				CLANG_ENABLE_MODULES = YES;
				CLANG_ENABLE_OBJC_ARC = YES;
				CLANG_ENABLE_OBJC_WEAK = YES;
				CLANG_WARN_BLOCK_CAPTURE_AUTORELEASING = YES;
				CLANG_WARN_BOOL_CONVERSION = YES;
				CLANG_WARN_COMMA = YES;
				CLANG_WARN_CONSTANT_CONVERSION = YES;
				CLANG_WARN_DEPRECATED_OBJC_IMPLEMENTATIONS = YES;
				CLANG_WARN_DIRECT_OBJC_ISA_USAGE = YES_ERROR;
				CLANG_WARN_DOCUMENTATION_COMMENTS = YES;
				CLANG_WARN_EMPTY_BODY = YES;
				CLANG_WARN_ENUM_CONVERSION = YES;
				CLANG_WARN_INFINITE_RECURSION = YES;
				CLANG_WARN_INT_CONVERSION = YES;
				CLANG_WARN_NON_LITERAL_NULL_CONVERSION = YES;
				CLANG_WARN_OBJC_IMPLICIT_RETAIN_SELF = YES;
				CLANG_WARN_OBJC_LITERAL_CONVERSION = YES;
				CLANG_WARN_OBJC_ROOT_CLASS = YES_ERROR;
				CLANG_WARN_RANGE_LOOP_ANALYSIS = YES;
				CLANG_WARN_STRICT_PROTOTYPES = YES;
				CLANG_WARN_SUSPICIOUS_MOVE = YES;
				CLANG_WARN_UNGUARDED_AVAILABILITY = YES_AGGRESSIVE;
				CLANG_WARN_UNREACHABLE_CODE = YES;
				CLANG_WARN__DUPLICATE_METHOD_MATCH = YES;
				CODE_SIGN_IDENTITY = "iPhone Developer";
				COPY_PHASE_STRIP = NO;
				DEBUG_INFORMATION_FORMAT = "dwarf-with-dsym";
				ENABLE_NS_ASSERTIONS = NO;
				ENABLE_STRICT_OBJC_MSGSEND = YES;
				GCC_C_LANGUAGE_STANDARD = gnu11;
				GCC_NO_COMMON_BLOCKS = YES;
				GCC_WARN_64_TO_32_BIT_CONVERSION = YES;
				GCC_WARN_ABOUT_RETURN_TYPE = YES_ERROR;
				GCC_WARN_UNDECLARED_SELECTOR = YES;
				GCC_WARN_UNINITIALIZED_AUTOS = YES_AGGRESSIVE;
				GCC_WARN_UNUSED_FUNCTION = YES;
				GCC_WARN_UNUSED_VARIABLE = YES;
				IPHONEOS_DEPLOYMENT_TARGET = 12.4;
				MTL_ENABLE_DEBUG_INFO = NO;
				MTL_FAST_MATH = YES;
				SDKROOT = iphoneos;
				SWIFT_COMPILATION_MODE = wholemodule;
				SWIFT_OPTIMIZATION_LEVEL = "-O";
				VALIDATE_PRODUCT = YES;
			};
			name = Release;
		};
		A9CE38E8232829D60050F061 /* Debug */ = {
			isa = XCBuildConfiguration;
			buildSettings = {
				ASSETCATALOG_COMPILER_APPICON_NAME = AppIcon;
				CODE_SIGN_IDENTITY = "iPhone Developer";
				CODE_SIGN_STYLE = Automatic;
				DEVELOPMENT_TEAM = VTDU3J4Q4G;
				INFOPLIST_FILE = "Movie Nerd/Info.plist";
				LD_RUNPATH_SEARCH_PATHS = (
					"$(inherited)",
					"@executable_path/Frameworks",
				);
				PRODUCT_BUNDLE_IDENTIFIER = "com.themobileentity.com.Movie-Nerd";
				PRODUCT_NAME = "$(TARGET_NAME)";
				PROVISIONING_PROFILE_SPECIFIER = "";
				SWIFT_VERSION = 5.0;
				TARGETED_DEVICE_FAMILY = "1,2";
			};
			name = Debug;
		};
		A9CE38E9232829D60050F061 /* Release */ = {
			isa = XCBuildConfiguration;
			buildSettings = {
				ASSETCATALOG_COMPILER_APPICON_NAME = AppIcon;
				CODE_SIGN_IDENTITY = "iPhone Developer";
				CODE_SIGN_STYLE = Automatic;
				DEVELOPMENT_TEAM = VTDU3J4Q4G;
				INFOPLIST_FILE = "Movie Nerd/Info.plist";
				LD_RUNPATH_SEARCH_PATHS = (
					"$(inherited)",
					"@executable_path/Frameworks",
				);
				PRODUCT_BUNDLE_IDENTIFIER = "com.themobileentity.com.Movie-Nerd";
				PRODUCT_NAME = "$(TARGET_NAME)";
				PROVISIONING_PROFILE_SPECIFIER = "";
				SWIFT_VERSION = 5.0;
				TARGETED_DEVICE_FAMILY = "1,2";
			};
			name = Release;
		};
		A9CE38EB232829D60050F061 /* Debug */ = {
			isa = XCBuildConfiguration;
			buildSettings = {
				ALWAYS_EMBED_SWIFT_STANDARD_LIBRARIES = YES;
				BUNDLE_LOADER = "$(TEST_HOST)";
				CODE_SIGN_STYLE = Automatic;
				DEVELOPMENT_TEAM = VTDU3J4Q4G;
				INFOPLIST_FILE = "Movie NerdTests/Info.plist";
				LD_RUNPATH_SEARCH_PATHS = (
					"$(inherited)",
					"@executable_path/Frameworks",
					"@loader_path/Frameworks",
				);
				PRODUCT_BUNDLE_IDENTIFIER = "com.themobileentity.com.Movie-NerdTests";
				PRODUCT_NAME = "$(TARGET_NAME)";
				SWIFT_VERSION = 5.0;
				TARGETED_DEVICE_FAMILY = "1,2";
				TEST_HOST = "$(BUILT_PRODUCTS_DIR)/Movie Nerd.app/Movie Nerd";
			};
			name = Debug;
		};
		A9CE38EC232829D60050F061 /* Release */ = {
			isa = XCBuildConfiguration;
			buildSettings = {
				ALWAYS_EMBED_SWIFT_STANDARD_LIBRARIES = YES;
				BUNDLE_LOADER = "$(TEST_HOST)";
				CODE_SIGN_STYLE = Automatic;
				DEVELOPMENT_TEAM = VTDU3J4Q4G;
				INFOPLIST_FILE = "Movie NerdTests/Info.plist";
				LD_RUNPATH_SEARCH_PATHS = (
					"$(inherited)",
					"@executable_path/Frameworks",
					"@loader_path/Frameworks",
				);
				PRODUCT_BUNDLE_IDENTIFIER = "com.themobileentity.com.Movie-NerdTests";
				PRODUCT_NAME = "$(TARGET_NAME)";
				SWIFT_VERSION = 5.0;
				TARGETED_DEVICE_FAMILY = "1,2";
				TEST_HOST = "$(BUILT_PRODUCTS_DIR)/Movie Nerd.app/Movie Nerd";
			};
			name = Release;
		};
		A9CE38EE232829D60050F061 /* Debug */ = {
			isa = XCBuildConfiguration;
			buildSettings = {
				ALWAYS_EMBED_SWIFT_STANDARD_LIBRARIES = YES;
				CODE_SIGN_STYLE = Automatic;
				DEVELOPMENT_TEAM = VTDU3J4Q4G;
				INFOPLIST_FILE = "Movie NerdUITests/Info.plist";
				LD_RUNPATH_SEARCH_PATHS = (
					"$(inherited)",
					"@executable_path/Frameworks",
					"@loader_path/Frameworks",
				);
				PRODUCT_BUNDLE_IDENTIFIER = "com.themobileentity.com.Movie-NerdUITests";
				PRODUCT_NAME = "$(TARGET_NAME)";
				SWIFT_VERSION = 5.0;
				TARGETED_DEVICE_FAMILY = "1,2";
				TEST_TARGET_NAME = "Movie Nerd";
			};
			name = Debug;
		};
		A9CE38EF232829D60050F061 /* Release */ = {
			isa = XCBuildConfiguration;
			buildSettings = {
				ALWAYS_EMBED_SWIFT_STANDARD_LIBRARIES = YES;
				CODE_SIGN_STYLE = Automatic;
				DEVELOPMENT_TEAM = VTDU3J4Q4G;
				INFOPLIST_FILE = "Movie NerdUITests/Info.plist";
				LD_RUNPATH_SEARCH_PATHS = (
					"$(inherited)",
					"@executable_path/Frameworks",
					"@loader_path/Frameworks",
				);
				PRODUCT_BUNDLE_IDENTIFIER = "com.themobileentity.com.Movie-NerdUITests";
				PRODUCT_NAME = "$(TARGET_NAME)";
				SWIFT_VERSION = 5.0;
				TARGETED_DEVICE_FAMILY = "1,2";
				TEST_TARGET_NAME = "Movie Nerd";
			};
			name = Release;
		};
/* End XCBuildConfiguration section */

/* Begin XCConfigurationList section */
		A9CE38BA232829D30050F061 /* Build configuration list for PBXProject "Movie Nerd" */ = {
			isa = XCConfigurationList;
			buildConfigurations = (
				A9CE38E5232829D60050F061 /* Debug */,
				A9CE38E6232829D60050F061 /* Release */,
			);
			defaultConfigurationIsVisible = 0;
			defaultConfigurationName = Release;
		};
		A9CE38E7232829D60050F061 /* Build configuration list for PBXNativeTarget "Movie Nerd" */ = {
			isa = XCConfigurationList;
			buildConfigurations = (
				A9CE38E8232829D60050F061 /* Debug */,
				A9CE38E9232829D60050F061 /* Release */,
			);
			defaultConfigurationIsVisible = 0;
			defaultConfigurationName = Release;
		};
		A9CE38EA232829D60050F061 /* Build configuration list for PBXNativeTarget "Movie NerdTests" */ = {
			isa = XCConfigurationList;
			buildConfigurations = (
				A9CE38EB232829D60050F061 /* Debug */,
				A9CE38EC232829D60050F061 /* Release */,
			);
			defaultConfigurationIsVisible = 0;
			defaultConfigurationName = Release;
		};
		A9CE38ED232829D60050F061 /* Build configuration list for PBXNativeTarget "Movie NerdUITests" */ = {
			isa = XCConfigurationList;
			buildConfigurations = (
				A9CE38EE232829D60050F061 /* Debug */,
				A9CE38EF232829D60050F061 /* Release */,
			);
			defaultConfigurationIsVisible = 0;
			defaultConfigurationName = Release;
		};
/* End XCConfigurationList section */
	};
	rootObject = A9CE38B7232829D30050F061 /* Project object */;
}
